
Microsoft Visual Studio Solution File, Format Version 12.00
# Visual Studio Version 16
VisualStudioVersion = 25.0.1700.0
MinimumVisualStudioVersion = 10.0.40219.1
Project("{FAE04EC0-301F-11D3-BF4B-00C04F79EFBC}") = "Budget.Mvc.Mac", "Budget.Mvc.Mac\Budget.Mvc.Mac.csproj", "{D28CBB0E-E80E-4926-811E-B39BEF6D5B9A}"
EndProject
Global
	GlobalSection(SolutionConfigurationPlatforms) = preSolution
		Debug|Any CPU = Debug|Any CPU
		Release|Any CPU = Release|Any CPU
	EndGlobalSection
	GlobalSection(ProjectConfigurationPlatforms) = postSolution
		{D28CBB0E-E80E-4926-811E-B39BEF6D5B9A}.Debug|Any CPU.ActiveCfg = Debug|Any CPU
		{D28CBB0E-E80E-4926-811E-B39BEF6D5B9A}.Debug|Any CPU.Build.0 = Debug|Any CPU
		{D28CBB0E-E80E-4926-811E-B39BEF6D5B9A}.Release|Any CPU.ActiveCfg = Release|Any CPU
		{D28CBB0E-E80E-4926-811E-B39BEF6D5B9A}.Release|Any CPU.Build.0 = Release|Any CPU
	EndGlobalSection
	GlobalSection(SolutionProperties) = preSolution
		HideSolutionNode = FALSE
	EndGlobalSection
	GlobalSection(ExtensibilityGlobals) = postSolution
		SolutionGuid = {A4E9FED9-B133-4616-ADDB-AA0A013398AC}
	EndGlobalSection
EndGlobal
